
Microsoft Visual Studio Solution File, Format Version 12.00
# Visual Studio 15
VisualStudioVersion = 15.0.34526.175
MinimumVisualStudioVersion = 10.0.40219.1
Project("{FAE04EC0-301F-11D3-BF4B-00C04F79EFBC}") = "PythonCallDll", "PythonCallDll\PythonCallDll.csproj", "{DA8CCEC7-47CC-4B19-B781-475FA51A3EB1}"
EndProject
Project("{FAE04EC0-301F-11D3-BF4B-00C04F79EFBC}") = "WindowsFormsApp1", "WindowsFormsApp1\WindowsFormsApp1.csproj", "{CC894F5E-4E0F-4F92-B693-6F513A222253}"
EndProject
Global
	GlobalSection(SolutionConfigurationPlatforms) = preSolution
		Debug|Any CPU = Debug|Any CPU
		Release|Any CPU = Release|Any CPU
	EndGlobalSection
	GlobalSection(ProjectConfigurationPlatforms) = postSolution
		{DA8CCEC7-47CC-4B19-B781-475FA51A3EB1}.Debug|Any CPU.ActiveCfg = Debug|Any CPU
		{DA8CCEC7-47CC-4B19-B781-475FA51A3EB1}.Debug|Any CPU.Build.0 = Debug|Any CPU
		{DA8CCEC7-47CC-4B19-B781-475FA51A3EB1}.Release|Any CPU.ActiveCfg = Release|Any CPU
		{DA8CCEC7-47CC-4B19-B781-475FA51A3EB1}.Release|Any CPU.Build.0 = Release|Any CPU
		{CC894F5E-4E0F-4F92-B693-6F513A222253}.Debug|Any CPU.ActiveCfg = Debug|Any CPU
		{CC894F5E-4E0F-4F92-B693-6F513A222253}.Debug|Any CPU.Build.0 = Debug|Any CPU
		{CC894F5E-4E0F-4F92-B693-6F513A222253}.Release|Any CPU.ActiveCfg = Release|Any CPU
		{CC894F5E-4E0F-4F92-B693-6F513A222253}.Release|Any CPU.Build.0 = Release|Any CPU
	EndGlobalSection
	GlobalSection(SolutionProperties) = preSolution
		HideSolutionNode = FALSE
	EndGlobalSection
	GlobalSection(ExtensibilityGlobals) = postSolution
		SolutionGuid = {4D3380F8-3454-491B-93BA-C7EAAB625CDF}
	EndGlobalSection
EndGlobal
